PODS:
  - SwiftGen (6.5.1)
  - SwiftLint (0.47.0)

DEPENDENCIES:
  - SwiftGen (~> 6.0)
  - SwiftLint

SPEC REPOS:
  trunk:
    - SwiftGen
    - SwiftLint

SPEC CHECKSUMS:
  SwiftGen: a6d22010845f08fe18fbdf3a07a8e380fd22e0ea
  SwiftLint: d41cc46a2ae58ac6d9f26954bc89f1d72e71fdef

PODFILE CHECKSUM: b881b96d4b30c08834c563b251e7bfc98d4dbf67

COCOAPODS: 1.11.2
