// !$*UTF8*$!
{
	archiveVersion = 1;
	classes = {
	};
	objectVersion = 55;
	objects = {

/* Begin PBXBuildFile section */
		5D35EC7A27FF7A0B00624717 /* GoogleService-Info.plist in Resources */ = {isa = PBXBuildFile; fileRef = 5D35EC7927FF7A0B00624717 /* GoogleService-Info.plist */; };
		5D35EC7D27FF7AF400624717 /* FirebaseClient.swift in Sources */ = {isa = PBXBuildFile; fileRef = 5D35EC7C27FF7AF400624717 /* FirebaseClient.swift */; };
		5D35EC8128001E1100624717 /* PushNotificationClient.swift in Sources */ = {isa = PBXBuildFile; fileRef = 5D35EC8028001E1100624717 /* PushNotificationClient.swift */; };
		5D35EC832800246900624717 /* AuthClient.swift in Sources */ = {isa = PBXBuildFile; fileRef = 5D35EC822800246900624717 /* AuthClient.swift */; };
		5D35EC852800473500624717 /* EnterCodeView.swift in Sources */ = {isa = PBXBuildFile; fileRef = 5D35EC842800473400624717 /* EnterCodeView.swift */; };
		5D35EC872803204E00624717 /* View+Ext.swift in Sources */ = {isa = PBXBuildFile; fileRef = 5D35EC862803204D00624717 /* View+Ext.swift */; };
		5D35EC89280323C100624717 /* Collection+Ext.swift in Sources */ = {isa = PBXBuildFile; fileRef = 5D35EC88280323C100624717 /* Collection+Ext.swift */; };
		5D35EC8B2803544A00624717 /* UserDefaultsClient.swift in Sources */ = {isa = PBXBuildFile; fileRef = 5D35EC8A2803544A00624717 /* UserDefaultsClient.swift */; };
		5D35EC8E28076EDF00624717 /* Loader.swift in Sources */ = {isa = PBXBuildFile; fileRef = 5D35EC8D28076EDE00624717 /* Loader.swift */; };
		5D37F219281B16E5000027BE /* KeyboardExtensions.swift in Sources */ = {isa = PBXBuildFile; fileRef = 5D37F218281B16E5000027BE /* KeyboardExtensions.swift */; };
		5D37F21F28207506000027BE /* MessageResponse.swift in Sources */ = {isa = PBXBuildFile; fileRef = 5D37F21E28207506000027BE /* MessageResponse.swift */; };
		5D4CF9EB2809ED7900A1B705 /* ChatListStore.swift in Sources */ = {isa = PBXBuildFile; fileRef = 5D4CF9EA2809ED7900A1B705 /* ChatListStore.swift */; };
		5D4CF9ED2809ED9200A1B705 /* ChatListView.swift in Sources */ = {isa = PBXBuildFile; fileRef = 5D4CF9EC2809ED9200A1B705 /* ChatListView.swift */; };
		5D4CF9EF2809EF1D00A1B705 /* MainScreenProvider.swift in Sources */ = {isa = PBXBuildFile; fileRef = 5D4CF9EE2809EF1D00A1B705 /* MainScreenProvider.swift */; };
		5D4CF9F1280A0BED00A1B705 /* ChatListCellView.swift in Sources */ = {isa = PBXBuildFile; fileRef = 5D4CF9F0280A0BED00A1B705 /* ChatListCellView.swift */; };
		5D4CF9F5280A1C1600A1B705 /* ChatView.swift in Sources */ = {isa = PBXBuildFile; fileRef = 5D4CF9F4280A1C1600A1B705 /* ChatView.swift */; };
		5D4CF9F7280A1C2400A1B705 /* ChatStore.swift in Sources */ = {isa = PBXBuildFile; fileRef = 5D4CF9F6280A1C2400A1B705 /* ChatStore.swift */; };
		5D4CF9F9280ADB1800A1B705 /* ViewModifiers.swift in Sources */ = {isa = PBXBuildFile; fileRef = 5D4CF9F8280ADB1800A1B705 /* ViewModifiers.swift */; };
		5D4CF9FB280B491100A1B705 /* FirestoreChatsClient.swift in Sources */ = {isa = PBXBuildFile; fileRef = 5D4CF9FA280B491000A1B705 /* FirestoreChatsClient.swift */; };
		5DA8A75B27FF260700C2ECBA /* OwlApp.swift in Sources */ = {isa = PBXBuildFile; fileRef = 5DA8A75A27FF260700C2ECBA /* OwlApp.swift */; };
		5DA8A75D27FF260700C2ECBA /* EnterPhoneView.swift in Sources */ = {isa = PBXBuildFile; fileRef = 5DA8A75C27FF260700C2ECBA /* EnterPhoneView.swift */; };
		5DA8A75F27FF260900C2ECBA /* Images.xcassets in Resources */ = {isa = PBXBuildFile; fileRef = 5DA8A75E27FF260900C2ECBA /* Images.xcassets */; };
		5DA8A76227FF260900C2ECBA /* Preview Assets.xcassets in Resources */ = {isa = PBXBuildFile; fileRef = 5DA8A76127FF260900C2ECBA /* Preview Assets.xcassets */; };
		5DA8A77527FF2B1100C2ECBA /* ComposableArchitecture in Frameworks */ = {isa = PBXBuildFile; productRef = 5DA8A77427FF2B1100C2ECBA /* ComposableArchitecture */; };
		5DA8A77B27FF312C00C2ECBA /* Colors.xcassets in Resources */ = {isa = PBXBuildFile; fileRef = 5DA8A77A27FF312C00C2ECBA /* Colors.xcassets */; };
		5DA8A77F27FF33E100C2ECBA /* Assets.swift in Sources */ = {isa = PBXBuildFile; fileRef = 5DA8A77E27FF33E100C2ECBA /* Assets.swift */; };
		5DCD57A0280C423300186FE2 /* ChatsListPrivateItem.swift in Sources */ = {isa = PBXBuildFile; fileRef = 5DCD579F280C423300186FE2 /* ChatsListPrivateItem.swift */; };
		5DCD57A2280C424D00186FE2 /* ChatsListGroupItem.swift in Sources */ = {isa = PBXBuildFile; fileRef = 5DCD57A1280C424D00186FE2 /* ChatsListGroupItem.swift */; };
		5DCD57A5280C42A200186FE2 /* MessageRequest.swift in Sources */ = {isa = PBXBuildFile; fileRef = 5DCD57A4280C42A200186FE2 /* MessageRequest.swift */; };
		5DCD57A8280C436F00186FE2 /* ChatListCellStore.swift in Sources */ = {isa = PBXBuildFile; fileRef = 5DCD57A7280C436F00186FE2 /* ChatListCellStore.swift */; };
		5DCD57AA280C63DE00186FE2 /* MockedDataClient.swift in Sources */ = {isa = PBXBuildFile; fileRef = 5DCD57A9280C63DE00186FE2 /* MockedDataClient.swift */; };
		5DCD57AD280C6B9600186FE2 /* ChatNavigationStore.swift in Sources */ = {isa = PBXBuildFile; fileRef = 5DCD57AC280C6B9600186FE2 /* ChatNavigationStore.swift */; };
		5DCD57AF280C6BA500186FE2 /* ChatNavigationView.swift in Sources */ = {isa = PBXBuildFile; fileRef = 5DCD57AE280C6BA500186FE2 /* ChatNavigationView.swift */; };
		5DCD57B2280C9D8D00186FE2 /* ChatMessageStore.swift in Sources */ = {isa = PBXBuildFile; fileRef = 5DCD57B1280C9D8D00186FE2 /* ChatMessageStore.swift */; };
		5DCD57B4280C9D9800186FE2 /* ChatMessageView.swift in Sources */ = {isa = PBXBuildFile; fileRef = 5DCD57B3280C9D9800186FE2 /* ChatMessageView.swift */; };
		5DCD57BA280E185200186FE2 /* AdaptiveStack.swift in Sources */ = {isa = PBXBuildFile; fileRef = 5DCD57B9280E185200186FE2 /* AdaptiveStack.swift */; };
		5DEA0FF12810B8F9000F1C20 /* NewMessage.swift in Sources */ = {isa = PBXBuildFile; fileRef = 5DEA0FF02810B8F9000F1C20 /* NewMessage.swift */; };
		5F71A663280C60210024F44A /* NewPrivateChatStore.swift in Sources */ = {isa = PBXBuildFile; fileRef = 5F71A662280C60210024F44A /* NewPrivateChatStore.swift */; };
		5F71A665280C602A0024F44A /* NewPrivateChatView.swift in Sources */ = {isa = PBXBuildFile; fileRef = 5F71A664280C602A0024F44A /* NewPrivateChatView.swift */; };
		5F71A669280C612A0024F44A /* NewPrivateChatCellView.swift in Sources */ = {isa = PBXBuildFile; fileRef = 5F71A668280C612A0024F44A /* NewPrivateChatCellView.swift */; };
		5F71A66B280C61330024F44A /* NewPrivateChatCellStore.swift in Sources */ = {isa = PBXBuildFile; fileRef = 5F71A66A280C61330024F44A /* NewPrivateChatCellStore.swift */; };
		5F727FAB2807623200FABF26 /* OnboardingStore.swift in Sources */ = {isa = PBXBuildFile; fileRef = 5F727FAA2807623200FABF26 /* OnboardingStore.swift */; };
		5F727FAF2807627100FABF26 /* EnterCodeStore.swift in Sources */ = {isa = PBXBuildFile; fileRef = 5F727FAE2807627100FABF26 /* EnterCodeStore.swift */; };
		5F727FB12807627F00FABF26 /* EnterPhoneStore.swift in Sources */ = {isa = PBXBuildFile; fileRef = 5F727FB02807627F00FABF26 /* EnterPhoneStore.swift */; };
		5F727FB3280762D800FABF26 /* LoginView.swift in Sources */ = {isa = PBXBuildFile; fileRef = 5F727FB2280762D800FABF26 /* LoginView.swift */; };
		5F727FB52807632300FABF26 /* AppStore.swift in Sources */ = {isa = PBXBuildFile; fileRef = 5F727FB42807632300FABF26 /* AppStore.swift */; };
		5F727FB72807638300FABF26 /* AppDelegateStore.swift in Sources */ = {isa = PBXBuildFile; fileRef = 5F727FB62807638300FABF26 /* AppDelegateStore.swift */; };
		5F727FBD2807647300FABF26 /* MainStore.swift in Sources */ = {isa = PBXBuildFile; fileRef = 5F727FBC2807647300FABF26 /* MainStore.swift */; };
		5F727FC1280765B000FABF26 /* SignIn.swift in Sources */ = {isa = PBXBuildFile; fileRef = 5F727FC0280765B000FABF26 /* SignIn.swift */; };
		5F9DFC89280B156600E73206 /* UserUpdate.swift in Sources */ = {isa = PBXBuildFile; fileRef = 5F9DFC88280B156600E73206 /* UserUpdate.swift */; };
		5F9DFC8B280B165500E73206 /* SignInUserType.swift in Sources */ = {isa = PBXBuildFile; fileRef = 5F9DFC8A280B165500E73206 /* SignInUserType.swift */; };
		5F9DFC91280B1C4C00E73206 /* DocumentReference+Ext.swift in Sources */ = {isa = PBXBuildFile; fileRef = 5F9DFC90280B1C4C00E73206 /* DocumentReference+Ext.swift */; };
		5F9DFC94280B1C7800E73206 /* Publisher+Ext.swift in Sources */ = {isa = PBXBuildFile; fileRef = 5F9DFC93280B1C7800E73206 /* Publisher+Ext.swift */; };
		5F9F4E3A27FF464200915572 /* SwiftGen+Ext.swift in Sources */ = {isa = PBXBuildFile; fileRef = 5F9F4E3927FF464200915572 /* SwiftGen+Ext.swift */; };
		5F9F4E3D27FF4CBA00915572 /* AppView.swift in Sources */ = {isa = PBXBuildFile; fileRef = 5F9F4E3C27FF4CBA00915572 /* AppView.swift */; };
		5F9F4E4427FF502F00915572 /* AppDelegate.swift in Sources */ = {isa = PBXBuildFile; fileRef = 5F9F4E4327FF502F00915572 /* AppDelegate.swift */; };
		5F9F4E4727FF52C100915572 /* MainView.swift in Sources */ = {isa = PBXBuildFile; fileRef = 5F9F4E4627FF52C100915572 /* MainView.swift */; };
		5F9F4E492800434B00915572 /* OnboardingView.swift in Sources */ = {isa = PBXBuildFile; fileRef = 5F9F4E482800434B00915572 /* OnboardingView.swift */; };
		5FA7D862280435F500AA48B5 /* TCACoordinators in Frameworks */ = {isa = PBXBuildFile; productRef = 5FA7D861280435F500AA48B5 /* TCACoordinators */; };
		5FA7D864280435FF00AA48B5 /* LoginStore.swift in Sources */ = {isa = PBXBuildFile; fileRef = 5FA7D863280435FF00AA48B5 /* LoginStore.swift */; };
		5FA7D86928057ADB00AA48B5 /* Routable.swift in Sources */ = {isa = PBXBuildFile; fileRef = 5FA7D86828057ADB00AA48B5 /* Routable.swift */; };
		5FA7D86B28057B2600AA48B5 /* IdentifiedRouterState+Ext.swift in Sources */ = {isa = PBXBuildFile; fileRef = 5FA7D86A28057B2600AA48B5 /* IdentifiedRouterState+Ext.swift */; };
		5FA7D86D28057B8600AA48B5 /* LoginScreenProvider.swift in Sources */ = {isa = PBXBuildFile; fileRef = 5FA7D86C28057B8600AA48B5 /* LoginScreenProvider.swift */; };
		5FB6DA932817211E0037C38B /* SafeAreaInsets+Environment.swift in Sources */ = {isa = PBXBuildFile; fileRef = 5FB6DA922817211E0037C38B /* SafeAreaInsets+Environment.swift */; };
		5FB6DA95281721690037C38B /* ScrollViewDelegate.swift in Sources */ = {isa = PBXBuildFile; fileRef = 5FB6DA94281721690037C38B /* ScrollViewDelegate.swift */; };
		5FB6DA982817221A0037C38B /* UserImageView.swift in Sources */ = {isa = PBXBuildFile; fileRef = 5FB6DA972817221A0037C38B /* UserImageView.swift */; };
		5FB6DA9A2817222F0037C38B /* ProfileAnimationState.swift in Sources */ = {isa = PBXBuildFile; fileRef = 5FB6DA992817222F0037C38B /* ProfileAnimationState.swift */; };
		5FB6DA9C2817227B0037C38B /* HeaderBlurView.swift in Sources */ = {isa = PBXBuildFile; fileRef = 5FB6DA9B2817227B0037C38B /* HeaderBlurView.swift */; };
		5FB6DA9E281722B20037C38B /* HeaderDescriptionView.swift in Sources */ = {isa = PBXBuildFile; fileRef = 5FB6DA9D281722B20037C38B /* HeaderDescriptionView.swift */; };
		5FB6DAA0281723000037C38B /* ProfilePhotoState.swift in Sources */ = {isa = PBXBuildFile; fileRef = 5FB6DA9F281723000037C38B /* ProfilePhotoState.swift */; };
		5FB6DAA228182FB70037C38B /* ImagePicker.swift in Sources */ = {isa = PBXBuildFile; fileRef = 5FB6DAA128182FB70037C38B /* ImagePicker.swift */; };
		5FB6DAA528183AB30037C38B /* StorageClient.swift in Sources */ = {isa = PBXBuildFile; fileRef = 5FB6DAA428183AB30037C38B /* StorageClient.swift */; };
		5FB6DAAA28186FB50037C38B /* SDWebImageSwiftUI in Frameworks */ = {isa = PBXBuildFile; productRef = 5FB6DAA928186FB50037C38B /* SDWebImageSwiftUI */; };
		5FB6DAAC281890E50037C38B /* PhotoWebImage.swift in Sources */ = {isa = PBXBuildFile; fileRef = 5FB6DAAB281890E50037C38B /* PhotoWebImage.swift */; };
		5FB6DAAF2818A8300037C38B /* UINavigationController+BackGesture.swift in Sources */ = {isa = PBXBuildFile; fileRef = 5FB6DAAE2818A8300037C38B /* UINavigationController+BackGesture.swift */; };
		5FB6DAB22818AAD90037C38B /* Photo.swift in Sources */ = {isa = PBXBuildFile; fileRef = 5FB6DAB12818AAD90037C38B /* Photo.swift */; };
		5FBCF9D928193F0600734BA0 /* EditProfileStore.swift in Sources */ = {isa = PBXBuildFile; fileRef = 5FBCF9D828193F0600734BA0 /* EditProfileStore.swift */; };
		5FBCF9DB28193F0C00734BA0 /* EditProfileView.swift in Sources */ = {isa = PBXBuildFile; fileRef = 5FBCF9DA28193F0C00734BA0 /* EditProfileView.swift */; };
		5FBCF9DD2819D76E00734BA0 /* UserQuery.swift in Sources */ = {isa = PBXBuildFile; fileRef = 5FBCF9DC2819D76E00734BA0 /* UserQuery.swift */; };
		5FBCF9DF281A94B900734BA0 /* DidReceiveRemoteNotificationModel.swift in Sources */ = {isa = PBXBuildFile; fileRef = 5FBCF9DE281A94B800734BA0 /* DidReceiveRemoteNotificationModel.swift */; };
		5FD33DC1280CBED5009E9FBB /* ChatWithUserResponse.swift in Sources */ = {isa = PBXBuildFile; fileRef = 5FD33DC0280CBED5009E9FBB /* ChatWithUserResponse.swift */; };
		5FD33DC3280CC315009E9FBB /* UserClient.swift in Sources */ = {isa = PBXBuildFile; fileRef = 5FD33DC2280CC315009E9FBB /* UserClient.swift */; };
		5FD33DC6280DBA8C009E9FBB /* SearchBar.swift in Sources */ = {isa = PBXBuildFile; fileRef = 5FD33DC5280DBA8C009E9FBB /* SearchBar.swift */; };
		5FD33DC9280DBE8E009E9FBB /* ProfileStore.swift in Sources */ = {isa = PBXBuildFile; fileRef = 5FD33DC8280DBE8E009E9FBB /* ProfileStore.swift */; };
		5FD33DCB280DBE98009E9FBB /* ProfileView.swift in Sources */ = {isa = PBXBuildFile; fileRef = 5FD33DCA280DBE98009E9FBB /* ProfileView.swift */; };
		5FD33DE8280F5172009E9FBB /* Introspect in Frameworks */ = {isa = PBXBuildFile; productRef = 5FD33DE7280F5172009E9FBB /* Introspect */; };
		5FE318072809E4B5007F7816 /* ValidationClient.swift in Sources */ = {isa = PBXBuildFile; fileRef = 5FE318062809E4B5007F7816 /* ValidationClient.swift */; };
		5FE3180C2809ED8A007F7816 /* BigButtonStyle.swift in Sources */ = {isa = PBXBuildFile; fileRef = 5FE3180B2809ED8A007F7816 /* BigButtonStyle.swift */; };
		5FE31827280A2151007F7816 /* User.swift in Sources */ = {isa = PBXBuildFile; fileRef = 5FE31826280A2151007F7816 /* User.swift */; };
		5FE3182A280A2197007F7816 /* FirestoreUsersClient.swift in Sources */ = {isa = PBXBuildFile; fileRef = 5FE31829280A2197007F7816 /* FirestoreUsersClient.swift */; };
		5FE3182D280AD05C007F7816 /* FirebaseAnalyticsSwift-Beta in Frameworks */ = {isa = PBXBuildFile; productRef = 5FE3182C280AD05C007F7816 /* FirebaseAnalyticsSwift-Beta */; };
		5FE3182F280AD05C007F7816 /* FirebaseAuthCombine-Community in Frameworks */ = {isa = PBXBuildFile; productRef = 5FE3182E280AD05C007F7816 /* FirebaseAuthCombine-Community */; };
		5FE31831280AD05C007F7816 /* FirebaseFirestoreCombine-Community in Frameworks */ = {isa = PBXBuildFile; productRef = 5FE31830280AD05C007F7816 /* FirebaseFirestoreCombine-Community */; };
		5FE31833280AD05C007F7816 /* FirebaseFirestoreSwift-Beta in Frameworks */ = {isa = PBXBuildFile; productRef = 5FE31832280AD05C007F7816 /* FirebaseFirestoreSwift-Beta */; };
		5FE31835280AD05C007F7816 /* FirebaseFunctionsCombine-Community in Frameworks */ = {isa = PBXBuildFile; productRef = 5FE31834280AD05C007F7816 /* FirebaseFunctionsCombine-Community */; };
		5FE31837280AD05C007F7816 /* FirebaseFunctionsSwift-Beta in Frameworks */ = {isa = PBXBuildFile; productRef = 5FE31836280AD05C007F7816 /* FirebaseFunctionsSwift-Beta */; };
		5FE31839280AD05C007F7816 /* FirebaseMessaging in Frameworks */ = {isa = PBXBuildFile; productRef = 5FE31838280AD05C007F7816 /* FirebaseMessaging */; };
		5FE3183B280AD05C007F7816 /* FirebaseStorageCombine-Community in Frameworks */ = {isa = PBXBuildFile; productRef = 5FE3183A280AD05C007F7816 /* FirebaseStorageCombine-Community */; };
		5FE3183D280AD05C007F7816 /* FirebaseStorageSwift-Beta in Frameworks */ = {isa = PBXBuildFile; productRef = 5FE3183C280AD05C007F7816 /* FirebaseStorageSwift-Beta */; };
		5FE31840280ADAF4007F7816 /* EnterUserDataStore.swift in Sources */ = {isa = PBXBuildFile; fileRef = 5FE3183F280ADAF4007F7816 /* EnterUserDataStore.swift */; };
		5FE31842280ADB02007F7816 /* EnterUserDataView.swift in Sources */ = {isa = PBXBuildFile; fileRef = 5FE31841280ADB02007F7816 /* EnterUserDataView.swift */; };
		DFA8F7B878F1A1582243426F /* Pods_Owl.framework in Frameworks */ = {isa = PBXBuildFile; fileRef = 04636015FACA7B079E7B9551 /* Pods_Owl.framework */; };
/* End PBXBuildFile section */

/* Begin PBXFileReference section */
		04636015FACA7B079E7B9551 /* Pods_Owl.framework */ = {isa = PBXFileReference; explicitFileType = wrapper.framework; includeInIndex = 0; path = Pods_Owl.framework; sourceTree = BUILT_PRODUCTS_DIR; };
		3C212D9F728C9920679542A2 /* Pods-Owl.debug.xcconfig */ = {isa = PBXFileReference; includeInIndex = 1; lastKnownFileType = text.xcconfig; name = "Pods-Owl.debug.xcconfig"; path = "Target Support Files/Pods-Owl/Pods-Owl.debug.xcconfig"; sourceTree = "<group>"; };
		5D35EC7927FF7A0B00624717 /* GoogleService-Info.plist */ = {isa = PBXFileReference; fileEncoding = 4; lastKnownFileType = text.plist.xml; path = "GoogleService-Info.plist"; sourceTree = "<group>"; };
		5D35EC7C27FF7AF400624717 /* FirebaseClient.swift */ = {isa = PBXFileReference; lastKnownFileType = sourcecode.swift; path = FirebaseClient.swift; sourceTree = "<group>"; };
		5D35EC7E27FF846200624717 /* Owl.entitlements */ = {isa = PBXFileReference; lastKnownFileType = text.plist.entitlements; path = Owl.entitlements; sourceTree = "<group>"; };
		5D35EC7F27FF8E5100624717 /* Info.plist */ = {isa = PBXFileReference; lastKnownFileType = text.plist; path = Info.plist; sourceTree = "<group>"; };
		5D35EC8028001E1100624717 /* PushNotificationClient.swift */ = {isa = PBXFileReference; lastKnownFileType = sourcecode.swift; path = PushNotificationClient.swift; sourceTree = "<group>"; };
		5D35EC822800246900624717 /* AuthClient.swift */ = {isa = PBXFileReference; lastKnownFileType = sourcecode.swift; path = AuthClient.swift; sourceTree = "<group>"; };
		5D35EC842800473400624717 /* EnterCodeView.swift */ = {isa = PBXFileReference; lastKnownFileType = sourcecode.swift; path = EnterCodeView.swift; sourceTree = "<group>"; };
		5D35EC862803204D00624717 /* View+Ext.swift */ = {isa = PBXFileReference; lastKnownFileType = sourcecode.swift; path = "View+Ext.swift"; sourceTree = "<group>"; };
		5D35EC88280323C100624717 /* Collection+Ext.swift */ = {isa = PBXFileReference; lastKnownFileType = sourcecode.swift; path = "Collection+Ext.swift"; sourceTree = "<group>"; };
		5D35EC8A2803544A00624717 /* UserDefaultsClient.swift */ = {isa = PBXFileReference; lastKnownFileType = sourcecode.swift; path = UserDefaultsClient.swift; sourceTree = "<group>"; };
		5D35EC8D28076EDE00624717 /* Loader.swift */ = {isa = PBXFileReference; lastKnownFileType = sourcecode.swift; path = Loader.swift; sourceTree = "<group>"; };
		5D37F218281B16E5000027BE /* KeyboardExtensions.swift */ = {isa = PBXFileReference; lastKnownFileType = sourcecode.swift; path = KeyboardExtensions.swift; sourceTree = "<group>"; };
		5D37F21E28207506000027BE /* MessageResponse.swift */ = {isa = PBXFileReference; lastKnownFileType = sourcecode.swift; path = MessageResponse.swift; sourceTree = "<group>"; };
		5D4CF9EA2809ED7900A1B705 /* ChatListStore.swift */ = {isa = PBXFileReference; lastKnownFileType = sourcecode.swift; path = ChatListStore.swift; sourceTree = "<group>"; };
		5D4CF9EC2809ED9200A1B705 /* ChatListView.swift */ = {isa = PBXFileReference; lastKnownFileType = sourcecode.swift; path = ChatListView.swift; sourceTree = "<group>"; };
		5D4CF9EE2809EF1D00A1B705 /* MainScreenProvider.swift */ = {isa = PBXFileReference; lastKnownFileType = sourcecode.swift; path = MainScreenProvider.swift; sourceTree = "<group>"; };
		5D4CF9F0280A0BED00A1B705 /* ChatListCellView.swift */ = {isa = PBXFileReference; lastKnownFileType = sourcecode.swift; path = ChatListCellView.swift; sourceTree = "<group>"; };
		5D4CF9F4280A1C1600A1B705 /* ChatView.swift */ = {isa = PBXFileReference; lastKnownFileType = sourcecode.swift; path = ChatView.swift; sourceTree = "<group>"; };
		5D4CF9F6280A1C2400A1B705 /* ChatStore.swift */ = {isa = PBXFileReference; lastKnownFileType = sourcecode.swift; path = ChatStore.swift; sourceTree = "<group>"; };
		5D4CF9F8280ADB1800A1B705 /* ViewModifiers.swift */ = {isa = PBXFileReference; lastKnownFileType = sourcecode.swift; path = ViewModifiers.swift; sourceTree = "<group>"; };
		5D4CF9FA280B491000A1B705 /* FirestoreChatsClient.swift */ = {isa = PBXFileReference; lastKnownFileType = sourcecode.swift; path = FirestoreChatsClient.swift; sourceTree = "<group>"; };
		5DA8A75727FF260700C2ECBA /* Owl.app */ = {isa = PBXFileReference; explicitFileType = wrapper.application; includeInIndex = 0; path = Owl.app; sourceTree = BUILT_PRODUCTS_DIR; };
		5DA8A75A27FF260700C2ECBA /* OwlApp.swift */ = {isa = PBXFileReference; lastKnownFileType = sourcecode.swift; path = OwlApp.swift; sourceTree = "<group>"; };
		5DA8A75C27FF260700C2ECBA /* EnterPhoneView.swift */ = {isa = PBXFileReference; lastKnownFileType = sourcecode.swift; path = EnterPhoneView.swift; sourceTree = "<group>"; };
		5DA8A75E27FF260900C2ECBA /* Images.xcassets */ = {isa = PBXFileReference; lastKnownFileType = folder.assetcatalog; path = Images.xcassets; sourceTree = "<group>"; };
		5DA8A76127FF260900C2ECBA /* Preview Assets.xcassets */ = {isa = PBXFileReference; lastKnownFileType = folder.assetcatalog; path = "Preview Assets.xcassets"; sourceTree = "<group>"; };
		5DA8A77A27FF312C00C2ECBA /* Colors.xcassets */ = {isa = PBXFileReference; lastKnownFileType = folder.assetcatalog; path = Colors.xcassets; sourceTree = "<group>"; };
		5DA8A77E27FF33E100C2ECBA /* Assets.swift */ = {isa = PBXFileReference; lastKnownFileType = sourcecode.swift; path = Assets.swift; sourceTree = "<group>"; };
		5DCD579F280C423300186FE2 /* ChatsListPrivateItem.swift */ = {isa = PBXFileReference; lastKnownFileType = sourcecode.swift; path = ChatsListPrivateItem.swift; sourceTree = "<group>"; };
		5DCD57A1280C424D00186FE2 /* ChatsListGroupItem.swift */ = {isa = PBXFileReference; lastKnownFileType = sourcecode.swift; path = ChatsListGroupItem.swift; sourceTree = "<group>"; };
		5DCD57A4280C42A200186FE2 /* MessageRequest.swift */ = {isa = PBXFileReference; lastKnownFileType = sourcecode.swift; path = MessageRequest.swift; sourceTree = "<group>"; };
		5DCD57A7280C436F00186FE2 /* ChatListCellStore.swift */ = {isa = PBXFileReference; lastKnownFileType = sourcecode.swift; path = ChatListCellStore.swift; sourceTree = "<group>"; };
		5DCD57A9280C63DE00186FE2 /* MockedDataClient.swift */ = {isa = PBXFileReference; lastKnownFileType = sourcecode.swift; path = MockedDataClient.swift; sourceTree = "<group>"; };
		5DCD57AC280C6B9600186FE2 /* ChatNavigationStore.swift */ = {isa = PBXFileReference; lastKnownFileType = sourcecode.swift; path = ChatNavigationStore.swift; sourceTree = "<group>"; };
		5DCD57AE280C6BA500186FE2 /* ChatNavigationView.swift */ = {isa = PBXFileReference; lastKnownFileType = sourcecode.swift; path = ChatNavigationView.swift; sourceTree = "<group>"; };
		5DCD57B1280C9D8D00186FE2 /* ChatMessageStore.swift */ = {isa = PBXFileReference; lastKnownFileType = sourcecode.swift; path = ChatMessageStore.swift; sourceTree = "<group>"; };
		5DCD57B3280C9D9800186FE2 /* ChatMessageView.swift */ = {isa = PBXFileReference; lastKnownFileType = sourcecode.swift; path = ChatMessageView.swift; sourceTree = "<group>"; };
		5DCD57B9280E185200186FE2 /* AdaptiveStack.swift */ = {isa = PBXFileReference; lastKnownFileType = sourcecode.swift; path = AdaptiveStack.swift; sourceTree = "<group>"; };
		5DEA0FF02810B8F9000F1C20 /* NewMessage.swift */ = {isa = PBXFileReference; lastKnownFileType = sourcecode.swift; path = NewMessage.swift; sourceTree = "<group>"; };
		5F71A662280C60210024F44A /* NewPrivateChatStore.swift */ = {isa = PBXFileReference; lastKnownFileType = sourcecode.swift; path = NewPrivateChatStore.swift; sourceTree = "<group>"; };
		5F71A664280C602A0024F44A /* NewPrivateChatView.swift */ = {isa = PBXFileReference; lastKnownFileType = sourcecode.swift; path = NewPrivateChatView.swift; sourceTree = "<group>"; };
		5F71A668280C612A0024F44A /* NewPrivateChatCellView.swift */ = {isa = PBXFileReference; lastKnownFileType = sourcecode.swift; path = NewPrivateChatCellView.swift; sourceTree = "<group>"; };
		5F71A66A280C61330024F44A /* NewPrivateChatCellStore.swift */ = {isa = PBXFileReference; lastKnownFileType = sourcecode.swift; path = NewPrivateChatCellStore.swift; sourceTree = "<group>"; };
		5F727FAA2807623200FABF26 /* OnboardingStore.swift */ = {isa = PBXFileReference; lastKnownFileType = sourcecode.swift; path = OnboardingStore.swift; sourceTree = "<group>"; };
		5F727FAE2807627100FABF26 /* EnterCodeStore.swift */ = {isa = PBXFileReference; lastKnownFileType = sourcecode.swift; path = EnterCodeStore.swift; sourceTree = "<group>"; };
		5F727FB02807627F00FABF26 /* EnterPhoneStore.swift */ = {isa = PBXFileReference; lastKnownFileType = sourcecode.swift; path = EnterPhoneStore.swift; sourceTree = "<group>"; };
		5F727FB2280762D800FABF26 /* LoginView.swift */ = {isa = PBXFileReference; lastKnownFileType = sourcecode.swift; path = LoginView.swift; sourceTree = "<group>"; };
		5F727FB42807632300FABF26 /* AppStore.swift */ = {isa = PBXFileReference; lastKnownFileType = sourcecode.swift; path = AppStore.swift; sourceTree = "<group>"; };
		5F727FB62807638300FABF26 /* AppDelegateStore.swift */ = {isa = PBXFileReference; lastKnownFileType = sourcecode.swift; path = AppDelegateStore.swift; sourceTree = "<group>"; };
		5F727FBC2807647300FABF26 /* MainStore.swift */ = {isa = PBXFileReference; lastKnownFileType = sourcecode.swift; path = MainStore.swift; sourceTree = "<group>"; };
		5F727FC0280765B000FABF26 /* SignIn.swift */ = {isa = PBXFileReference; lastKnownFileType = sourcecode.swift; path = SignIn.swift; sourceTree = "<group>"; };
		5F9DFC88280B156600E73206 /* UserUpdate.swift */ = {isa = PBXFileReference; lastKnownFileType = sourcecode.swift; path = UserUpdate.swift; sourceTree = "<group>"; };
		5F9DFC8A280B165500E73206 /* SignInUserType.swift */ = {isa = PBXFileReference; lastKnownFileType = sourcecode.swift; path = SignInUserType.swift; sourceTree = "<group>"; };
		5F9DFC90280B1C4C00E73206 /* DocumentReference+Ext.swift */ = {isa = PBXFileReference; lastKnownFileType = sourcecode.swift; path = "DocumentReference+Ext.swift"; sourceTree = "<group>"; };
		5F9DFC93280B1C7800E73206 /* Publisher+Ext.swift */ = {isa = PBXFileReference; lastKnownFileType = sourcecode.swift; path = "Publisher+Ext.swift"; sourceTree = "<group>"; };
		5F9F4E3927FF464200915572 /* SwiftGen+Ext.swift */ = {isa = PBXFileReference; lastKnownFileType = sourcecode.swift; path = "SwiftGen+Ext.swift"; sourceTree = "<group>"; };
		5F9F4E3C27FF4CBA00915572 /* AppView.swift */ = {isa = PBXFileReference; lastKnownFileType = sourcecode.swift; path = AppView.swift; sourceTree = "<group>"; };
		5F9F4E4327FF502F00915572 /* AppDelegate.swift */ = {isa = PBXFileReference; lastKnownFileType = sourcecode.swift; path = AppDelegate.swift; sourceTree = "<group>"; };
		5F9F4E4627FF52C100915572 /* MainView.swift */ = {isa = PBXFileReference; lastKnownFileType = sourcecode.swift; path = MainView.swift; sourceTree = "<group>"; };
		5F9F4E482800434B00915572 /* OnboardingView.swift */ = {isa = PBXFileReference; lastKnownFileType = sourcecode.swift; path = OnboardingView.swift; sourceTree = "<group>"; };
		5FA7D863280435FF00AA48B5 /* LoginStore.swift */ = {isa = PBXFileReference; lastKnownFileType = sourcecode.swift; path = LoginStore.swift; sourceTree = "<group>"; };
		5FA7D86828057ADB00AA48B5 /* Routable.swift */ = {isa = PBXFileReference; lastKnownFileType = sourcecode.swift; path = Routable.swift; sourceTree = "<group>"; };
		5FA7D86A28057B2600AA48B5 /* IdentifiedRouterState+Ext.swift */ = {isa = PBXFileReference; lastKnownFileType = sourcecode.swift; path = "IdentifiedRouterState+Ext.swift"; sourceTree = "<group>"; };
		5FA7D86C28057B8600AA48B5 /* LoginScreenProvider.swift */ = {isa = PBXFileReference; lastKnownFileType = sourcecode.swift; path = LoginScreenProvider.swift; sourceTree = "<group>"; };
		5FB6DA922817211E0037C38B /* SafeAreaInsets+Environment.swift */ = {isa = PBXFileReference; lastKnownFileType = sourcecode.swift; path = "SafeAreaInsets+Environment.swift"; sourceTree = "<group>"; };
		5FB6DA94281721690037C38B /* ScrollViewDelegate.swift */ = {isa = PBXFileReference; lastKnownFileType = sourcecode.swift; path = ScrollViewDelegate.swift; sourceTree = "<group>"; };
		5FB6DA972817221A0037C38B /* UserImageView.swift */ = {isa = PBXFileReference; lastKnownFileType = sourcecode.swift; path = UserImageView.swift; sourceTree = "<group>"; };
		5FB6DA992817222F0037C38B /* ProfileAnimationState.swift */ = {isa = PBXFileReference; lastKnownFileType = sourcecode.swift; path = ProfileAnimationState.swift; sourceTree = "<group>"; };
		5FB6DA9B2817227B0037C38B /* HeaderBlurView.swift */ = {isa = PBXFileReference; lastKnownFileType = sourcecode.swift; path = HeaderBlurView.swift; sourceTree = "<group>"; };
		5FB6DA9D281722B20037C38B /* HeaderDescriptionView.swift */ = {isa = PBXFileReference; lastKnownFileType = sourcecode.swift; path = HeaderDescriptionView.swift; sourceTree = "<group>"; };
		5FB6DA9F281723000037C38B /* ProfilePhotoState.swift */ = {isa = PBXFileReference; lastKnownFileType = sourcecode.swift; path = ProfilePhotoState.swift; sourceTree = "<group>"; };
		5FB6DAA128182FB70037C38B /* ImagePicker.swift */ = {isa = PBXFileReference; lastKnownFileType = sourcecode.swift; path = ImagePicker.swift; sourceTree = "<group>"; };
		5FB6DAA428183AB30037C38B /* StorageClient.swift */ = {isa = PBXFileReference; lastKnownFileType = sourcecode.swift; path = StorageClient.swift; sourceTree = "<group>"; };
		5FB6DAAB281890E50037C38B /* PhotoWebImage.swift */ = {isa = PBXFileReference; lastKnownFileType = sourcecode.swift; path = PhotoWebImage.swift; sourceTree = "<group>"; };
		5FB6DAAE2818A8300037C38B /* UINavigationController+BackGesture.swift */ = {isa = PBXFileReference; lastKnownFileType = sourcecode.swift; path = "UINavigationController+BackGesture.swift"; sourceTree = "<group>"; };
		5FB6DAB12818AAD90037C38B /* Photo.swift */ = {isa = PBXFileReference; lastKnownFileType = sourcecode.swift; path = Photo.swift; sourceTree = "<group>"; };
		5FBCF9D828193F0600734BA0 /* EditProfileStore.swift */ = {isa = PBXFileReference; lastKnownFileType = sourcecode.swift; path = EditProfileStore.swift; sourceTree = "<group>"; };
		5FBCF9DA28193F0C00734BA0 /* EditProfileView.swift */ = {isa = PBXFileReference; lastKnownFileType = sourcecode.swift; path = EditProfileView.swift; sourceTree = "<group>"; };
		5FBCF9DC2819D76E00734BA0 /* UserQuery.swift */ = {isa = PBXFileReference; lastKnownFileType = sourcecode.swift; path = UserQuery.swift; sourceTree = "<group>"; };
		5FBCF9DE281A94B800734BA0 /* DidReceiveRemoteNotificationModel.swift */ = {isa = PBXFileReference; lastKnownFileType = sourcecode.swift; path = DidReceiveRemoteNotificationModel.swift; sourceTree = "<group>"; };
		5FD33DC0280CBED5009E9FBB /* ChatWithUserResponse.swift */ = {isa = PBXFileReference; lastKnownFileType = sourcecode.swift; path = ChatWithUserResponse.swift; sourceTree = "<group>"; };
		5FD33DC2280CC315009E9FBB /* UserClient.swift */ = {isa = PBXFileReference; lastKnownFileType = sourcecode.swift; path = UserClient.swift; sourceTree = "<group>"; };
		5FD33DC5280DBA8C009E9FBB /* SearchBar.swift */ = {isa = PBXFileReference; lastKnownFileType = sourcecode.swift; path = SearchBar.swift; sourceTree = "<group>"; };
		5FD33DC8280DBE8E009E9FBB /* ProfileStore.swift */ = {isa = PBXFileReference; lastKnownFileType = sourcecode.swift; path = ProfileStore.swift; sourceTree = "<group>"; };
		5FD33DCA280DBE98009E9FBB /* ProfileView.swift */ = {isa = PBXFileReference; lastKnownFileType = sourcecode.swift; path = ProfileView.swift; sourceTree = "<group>"; };
		5FE318062809E4B5007F7816 /* ValidationClient.swift */ = {isa = PBXFileReference; lastKnownFileType = sourcecode.swift; path = ValidationClient.swift; sourceTree = "<group>"; };
		5FE3180B2809ED8A007F7816 /* BigButtonStyle.swift */ = {isa = PBXFileReference; lastKnownFileType = sourcecode.swift; path = BigButtonStyle.swift; sourceTree = "<group>"; };
		5FE31826280A2151007F7816 /* User.swift */ = {isa = PBXFileReference; lastKnownFileType = sourcecode.swift; path = User.swift; sourceTree = "<group>"; };
		5FE31829280A2197007F7816 /* FirestoreUsersClient.swift */ = {isa = PBXFileReference; lastKnownFileType = sourcecode.swift; path = FirestoreUsersClient.swift; sourceTree = "<group>"; };
		5FE3183F280ADAF4007F7816 /* EnterUserDataStore.swift */ = {isa = PBXFileReference; lastKnownFileType = sourcecode.swift; path = EnterUserDataStore.swift; sourceTree = "<group>"; };
		5FE31841280ADB02007F7816 /* EnterUserDataView.swift */ = {isa = PBXFileReference; lastKnownFileType = sourcecode.swift; path = EnterUserDataView.swift; sourceTree = "<group>"; };
		E62C4967CBAE4AC302B3709D /* Pods-Owl.release.xcconfig */ = {isa = PBXFileReference; includeInIndex = 1; lastKnownFileType = text.xcconfig; name = "Pods-Owl.release.xcconfig"; path = "Target Support Files/Pods-Owl/Pods-Owl.release.xcconfig"; sourceTree = "<group>"; };
/* End PBXFileReference section */

/* Begin PBXFrameworksBuildPhase section */
		5DA8A75427FF260700C2ECBA /* Frameworks */ = {
			isa = PBXFrameworksBuildPhase;
			buildActionMask = 2147483647;
			files = (
				5FB6DAAA28186FB50037C38B /* SDWebImageSwiftUI in Frameworks */,
				5FE3183B280AD05C007F7816 /* FirebaseStorageCombine-Community in Frameworks */,
				5FD33DE8280F5172009E9FBB /* Introspect in Frameworks */,
				5DA8A77527FF2B1100C2ECBA /* ComposableArchitecture in Frameworks */,
				5FE31837280AD05C007F7816 /* FirebaseFunctionsSwift-Beta in Frameworks */,
				5FE31839280AD05C007F7816 /* FirebaseMessaging in Frameworks */,
				5FA7D862280435F500AA48B5 /* TCACoordinators in Frameworks */,
				5FE3183D280AD05C007F7816 /* FirebaseStorageSwift-Beta in Frameworks */,
				5FE31833280AD05C007F7816 /* FirebaseFirestoreSwift-Beta in Frameworks */,
				5FE3182D280AD05C007F7816 /* FirebaseAnalyticsSwift-Beta in Frameworks */,
				5FE31831280AD05C007F7816 /* FirebaseFirestoreCombine-Community in Frameworks */,
				DFA8F7B878F1A1582243426F /* Pods_Owl.framework in Frameworks */,
				5FE3182F280AD05C007F7816 /* FirebaseAuthCombine-Community in Frameworks */,
				5FE31835280AD05C007F7816 /* FirebaseFunctionsCombine-Community in Frameworks */,
			);
			runOnlyForDeploymentPostprocessing = 0;
		};
/* End PBXFrameworksBuildPhase section */

/* Begin PBXGroup section */
		45F6E27609A8709BA752DE73 /* Pods */ = {
			isa = PBXGroup;
			children = (
				3C212D9F728C9920679542A2 /* Pods-Owl.debug.xcconfig */,
				E62C4967CBAE4AC302B3709D /* Pods-Owl.release.xcconfig */,
			);
			path = Pods;
			sourceTree = "<group>";
		};
		5D35EC7B27FF7AE500624717 /* Clients */ = {
			isa = PBXGroup;
			children = (
				5D35EC822800246900624717 /* AuthClient.swift */,
				5FD33DC2280CC315009E9FBB /* UserClient.swift */,
				5D35EC7C27FF7AF400624717 /* FirebaseClient.swift */,
				5D35EC8028001E1100624717 /* PushNotificationClient.swift */,
				5D35EC8A2803544A00624717 /* UserDefaultsClient.swift */,
				5FE318062809E4B5007F7816 /* ValidationClient.swift */,
				5DCD57A9280C63DE00186FE2 /* MockedDataClient.swift */,
				5FE31828280A218F007F7816 /* Firestore */,
				5FB6DAA328183AA60037C38B /* Storage */,
			);
			path = Clients;
			sourceTree = "<group>";
		};
		5D35EC8C28076ED100624717 /* Common */ = {
			isa = PBXGroup;
			children = (
				5D35EC8D28076EDE00624717 /* Loader.swift */,
				5D4CF9F8280ADB1800A1B705 /* ViewModifiers.swift */,
				5FB6DA94281721690037C38B /* ScrollViewDelegate.swift */,
				5DCD57B9280E185200186FE2 /* AdaptiveStack.swift */,
				5D37F218281B16E5000027BE /* KeyboardExtensions.swift */,
				5FB6DAA128182FB70037C38B /* ImagePicker.swift */,
				5FB6DAAB281890E50037C38B /* PhotoWebImage.swift */,
			);
			path = Common;
			sourceTree = "<group>";
		};
		5D37F21D282074EA000027BE /* Messages */ = {
			isa = PBXGroup;
			children = (
				5DEA0FF02810B8F9000F1C20 /* NewMessage.swift */,
				5DCD57A4280C42A200186FE2 /* MessageRequest.swift */,
				5D37F21E28207506000027BE /* MessageResponse.swift */,
			);
			path = Messages;
			sourceTree = "<group>";
		};
		5D4CF9E92809ED4D00A1B705 /* ChatList */ = {
			isa = PBXGroup;
			children = (
				5D4CF9EA2809ED7900A1B705 /* ChatListStore.swift */,
				5D4CF9EC2809ED9200A1B705 /* ChatListView.swift */,
				5DCD57A6280C434D00186FE2 /* Cell */,
			);
			path = ChatList;
			sourceTree = "<group>";
		};
		5D4CF9F3280A1C0000A1B705 /* Chat */ = {
			isa = PBXGroup;
			children = (
				5DCD57B0280C9D2700186FE2 /* ChatMessage */,
				5DCD57AB280C6ACB00186FE2 /* ChatNavigation */,
				5D4CF9F6280A1C2400A1B705 /* ChatStore.swift */,
				5D4CF9F4280A1C1600A1B705 /* ChatView.swift */,
			);
			path = Chat;
			sourceTree = "<group>";
		};
		5DA8A74E27FF260700C2ECBA = {
			isa = PBXGroup;
			children = (
				5DA8A75927FF260700C2ECBA /* Owl */,
				5DA8A75827FF260700C2ECBA /* Products */,
				45F6E27609A8709BA752DE73 /* Pods */,
				D3080E831299946BDE92AEDD /* Frameworks */,
			);
			sourceTree = "<group>";
		};
		5DA8A75827FF260700C2ECBA /* Products */ = {
			isa = PBXGroup;
			children = (
				5DA8A75727FF260700C2ECBA /* Owl.app */,
			);
			name = Products;
			sourceTree = "<group>";
		};
		5DA8A75927FF260700C2ECBA /* Owl */ = {
			isa = PBXGroup;
			children = (
				5D35EC7F27FF8E5100624717 /* Info.plist */,
				5D35EC7E27FF846200624717 /* Owl.entitlements */,
				5F9F4E4027FF4F4400915572 /* Modules */,
				5F727FBE2807659000FABF26 /* Models */,
				5FE318092809ED72007F7816 /* Modifiers */,
				5FD33DC4280DBA7E009E9FBB /* SharedViews */,
				5F9F4E3827FF463800915572 /* Extensions */,
				5DA8A77D27FF33D300C2ECBA /* Generated */,
				5DA8A77C27FF313800C2ECBA /* Resources */,
				5DA8A76027FF260900C2ECBA /* Preview Content */,
			);
			path = Owl;
			sourceTree = "<group>";
		};
		5DA8A76027FF260900C2ECBA /* Preview Content */ = {
			isa = PBXGroup;
			children = (
				5DA8A76127FF260900C2ECBA /* Preview Assets.xcassets */,
			);
			path = "Preview Content";
			sourceTree = "<group>";
		};
		5DA8A77C27FF313800C2ECBA /* Resources */ = {
			isa = PBXGroup;
			children = (
				5D35EC7927FF7A0B00624717 /* GoogleService-Info.plist */,
				5DA8A75E27FF260900C2ECBA /* Images.xcassets */,
				5DA8A77A27FF312C00C2ECBA /* Colors.xcassets */,
			);
			path = Resources;
			sourceTree = "<group>";
		};
		5DA8A77D27FF33D300C2ECBA /* Generated */ = {
			isa = PBXGroup;
			children = (
				5DA8A77E27FF33E100C2ECBA /* Assets.swift */,
			);
			path = Generated;
			sourceTree = "<group>";
		};
		5DCD579E280C422400186FE2 /* ChatsList */ = {
			isa = PBXGroup;
			children = (
				5DCD57A1280C424D00186FE2 /* ChatsListGroupItem.swift */,
				5DCD579F280C423300186FE2 /* ChatsListPrivateItem.swift */,
				5FD33DC0280CBED5009E9FBB /* ChatWithUserResponse.swift */,
			);
			path = ChatsList;
			sourceTree = "<group>";
		};
		5DCD57A3280C428F00186FE2 /* Chat */ = {
			isa = PBXGroup;
			children = (
				5D37F21D282074EA000027BE /* Messages */,
			);
			path = Chat;
			sourceTree = "<group>";
		};
		5DCD57A6280C434D00186FE2 /* Cell */ = {
			isa = PBXGroup;
			children = (
				5D4CF9F0280A0BED00A1B705 /* ChatListCellView.swift */,
				5DCD57A7280C436F00186FE2 /* ChatListCellStore.swift */,
			);
			path = Cell;
			sourceTree = "<group>";
		};
		5DCD57AB280C6ACB00186FE2 /* ChatNavigation */ = {
			isa = PBXGroup;
			children = (
				5DCD57AC280C6B9600186FE2 /* ChatNavigationStore.swift */,
				5DCD57AE280C6BA500186FE2 /* ChatNavigationView.swift */,
			);
			path = ChatNavigation;
			sourceTree = "<group>";
		};
		5DCD57B0280C9D2700186FE2 /* ChatMessage */ = {
			isa = PBXGroup;
			children = (
				5DCD57B1280C9D8D00186FE2 /* ChatMessageStore.swift */,
				5DCD57B3280C9D9800186FE2 /* ChatMessageView.swift */,
			);
			path = ChatMessage;
			sourceTree = "<group>";
		};
		5F71A661280C60070024F44A /* NewPrivateChat */ = {
			isa = PBXGroup;
			children = (
				5F71A662280C60210024F44A /* NewPrivateChatStore.swift */,
				5F71A664280C602A0024F44A /* NewPrivateChatView.swift */,
				5F71A666280C60FC0024F44A /* Cell */,
			);
			path = NewPrivateChat;
			sourceTree = "<group>";
		};
		5F71A666280C60FC0024F44A /* Cell */ = {
			isa = PBXGroup;
			children = (
				5F71A66A280C61330024F44A /* NewPrivateChatCellStore.swift */,
				5F71A668280C612A0024F44A /* NewPrivateChatCellView.swift */,
			);
			path = Cell;
			sourceTree = "<group>";
		};
		5F727FA92807621300FABF26 /* Onboarding */ = {
			isa = PBXGroup;
			children = (
				5F727FAA2807623200FABF26 /* OnboardingStore.swift */,
				5F9F4E482800434B00915572 /* OnboardingView.swift */,
			);
			path = Onboarding;
			sourceTree = "<group>";
		};
		5F727FAC2807626100FABF26 /* EnterPhone */ = {
			isa = PBXGroup;
			children = (
				5F727FB02807627F00FABF26 /* EnterPhoneStore.swift */,
				5DA8A75C27FF260700C2ECBA /* EnterPhoneView.swift */,
			);
			path = EnterPhone;
			sourceTree = "<group>";
		};
		5F727FAD2807626600FABF26 /* EnterCode */ = {
			isa = PBXGroup;
			children = (
				5F727FAE2807627100FABF26 /* EnterCodeStore.swift */,
				5D35EC842800473400624717 /* EnterCodeView.swift */,
			);
			path = EnterCode;
			sourceTree = "<group>";
		};
		5F727FB92807644600FABF26 /* App */ = {
			isa = PBXGroup;
			children = (
				5F727FB42807632300FABF26 /* AppStore.swift */,
				5F9F4E3C27FF4CBA00915572 /* AppView.swift */,
			);
			path = App;
			sourceTree = "<group>";
		};
		5F727FBA2807644D00FABF26 /* AppDelegate */ = {
			isa = PBXGroup;
			children = (
				5F727FB62807638300FABF26 /* AppDelegateStore.swift */,
				5F9F4E4327FF502F00915572 /* AppDelegate.swift */,
			);
			path = AppDelegate;
			sourceTree = "<group>";
		};
		5F727FBE2807659000FABF26 /* Models */ = {
			isa = PBXGroup;
			children = (
				5F727FBF2807659D00FABF26 /* Auth */,
				5DCD57A3280C428F00186FE2 /* Chat */,
				5DCD579E280C422400186FE2 /* ChatsList */,
				5FB6DAB02818AACF0037C38B /* Common */,
			);
			path = Models;
			sourceTree = "<group>";
		};
		5F727FBF2807659D00FABF26 /* Auth */ = {
			isa = PBXGroup;
			children = (
				5F727FC0280765B000FABF26 /* SignIn.swift */,
				5F9DFC8A280B165500E73206 /* SignInUserType.swift */,
				5FE31826280A2151007F7816 /* User.swift */,
				5F9DFC88280B156600E73206 /* UserUpdate.swift */,
			);
			path = Auth;
			sourceTree = "<group>";
		};
		5F9DFC8E280B1C3700E73206 /* Firebase */ = {
			isa = PBXGroup;
			children = (
				5F9DFC8F280B1C3D00E73206 /* Firestore */,
			);
			path = Firebase;
			sourceTree = "<group>";
		};
		5F9DFC8F280B1C3D00E73206 /* Firestore */ = {
			isa = PBXGroup;
			children = (
				5F9DFC90280B1C4C00E73206 /* DocumentReference+Ext.swift */,
			);
			path = Firestore;
			sourceTree = "<group>";
		};
		5F9DFC92280B1C6D00E73206 /* Combine */ = {
			isa = PBXGroup;
			children = (
				5F9DFC93280B1C7800E73206 /* Publisher+Ext.swift */,
			);
			path = Combine;
			sourceTree = "<group>";
		};
		5F9F4E3827FF463800915572 /* Extensions */ = {
			isa = PBXGroup;
			children = (
				5FB6DAAD2818A8160037C38B /* UIKit */,
				5F9DFC92280B1C6D00E73206 /* Combine */,
				5F9DFC8E280B1C3700E73206 /* Firebase */,
				5FA7D86728057AC700AA48B5 /* TCACoordinator */,
				5F9F4E3927FF464200915572 /* SwiftGen+Ext.swift */,
				5D35EC862803204D00624717 /* View+Ext.swift */,
				5D35EC88280323C100624717 /* Collection+Ext.swift */,
				5FB6DA922817211E0037C38B /* SafeAreaInsets+Environment.swift */,
			);
			path = Extensions;
			sourceTree = "<group>";
		};
		5F9F4E3B27FF4CA700915572 /* Root */ = {
			isa = PBXGroup;
			children = (
				5DA8A75A27FF260700C2ECBA /* OwlApp.swift */,
				5F727FB92807644600FABF26 /* App */,
				5F727FBA2807644D00FABF26 /* AppDelegate */,
				5D35EC7B27FF7AE500624717 /* Clients */,
			);
			path = Root;
			sourceTree = "<group>";
		};
		5F9F4E4027FF4F4400915572 /* Modules */ = {
			isa = PBXGroup;
			children = (
				5F9F4E3B27FF4CA700915572 /* Root */,
				5F9F4E4127FF4F5600915572 /* Login */,
				5F9F4E4527FF52B800915572 /* Main */,
				5D35EC8C28076ED100624717 /* Common */,
			);
			path = Modules;
			sourceTree = "<group>";
		};
		5F9F4E4127FF4F5600915572 /* Login */ = {
			isa = PBXGroup;
			children = (
				5FA7D86C28057B8600AA48B5 /* LoginScreenProvider.swift */,
				5FA7D863280435FF00AA48B5 /* LoginStore.swift */,
				5F727FB2280762D800FABF26 /* LoginView.swift */,
				5F727FA92807621300FABF26 /* Onboarding */,
				5F727FAC2807626100FABF26 /* EnterPhone */,
				5F727FAD2807626600FABF26 /* EnterCode */,
				5FE3183E280ADADC007F7816 /* EnterUserData */,
			);
			path = Login;
			sourceTree = "<group>";
		};
		5F9F4E4527FF52B800915572 /* Main */ = {
			isa = PBXGroup;
			children = (
				5D4CF9EE2809EF1D00A1B705 /* MainScreenProvider.swift */,
				5F727FBC2807647300FABF26 /* MainStore.swift */,
				5F9F4E4627FF52C100915572 /* MainView.swift */,
				5D4CF9F3280A1C0000A1B705 /* Chat */,
				5D4CF9E92809ED4D00A1B705 /* ChatList */,
				5F71A661280C60070024F44A /* NewPrivateChat */,
				5FD33DC7280DBE6D009E9FBB /* Profile */,
				5FBCF9D728193EF300734BA0 /* EditProfile */,
			);
			path = Main;
			sourceTree = "<group>";
		};
		5FA7D86728057AC700AA48B5 /* TCACoordinator */ = {
			isa = PBXGroup;
			children = (
				5FA7D86828057ADB00AA48B5 /* Routable.swift */,
				5FA7D86A28057B2600AA48B5 /* IdentifiedRouterState+Ext.swift */,
			);
			path = TCACoordinator;
			sourceTree = "<group>";
		};
		5FB6DA962817220E0037C38B /* SubViews */ = {
			isa = PBXGroup;
			children = (
				5FB6DA972817221A0037C38B /* UserImageView.swift */,
				5FB6DA9B2817227B0037C38B /* HeaderBlurView.swift */,
				5FB6DA9D281722B20037C38B /* HeaderDescriptionView.swift */,
			);
			path = SubViews;
			sourceTree = "<group>";
		};
		5FB6DAA328183AA60037C38B /* Storage */ = {
			isa = PBXGroup;
			children = (
				5FB6DAA428183AB30037C38B /* StorageClient.swift */,
			);
			path = Storage;
			sourceTree = "<group>";
		};
		5FB6DAAD2818A8160037C38B /* UIKit */ = {
			isa = PBXGroup;
			children = (
				5FB6DAAE2818A8300037C38B /* UINavigationController+BackGesture.swift */,
			);
			path = UIKit;
			sourceTree = "<group>";
		};
		5FB6DAB02818AACF0037C38B /* Common */ = {
			isa = PBXGroup;
			children = (
				5FB6DAB12818AAD90037C38B /* Photo.swift */,
				5FBCF9DC2819D76E00734BA0 /* UserQuery.swift */,
				5FBCF9DE281A94B800734BA0 /* DidReceiveRemoteNotificationModel.swift */,
			);
			path = Common;
			sourceTree = "<group>";
		};
		5FBCF9D728193EF300734BA0 /* EditProfile */ = {
			isa = PBXGroup;
			children = (
				5FBCF9D828193F0600734BA0 /* EditProfileStore.swift */,
				5FBCF9DA28193F0C00734BA0 /* EditProfileView.swift */,
			);
			path = EditProfile;
			sourceTree = "<group>";
		};
		5FD33DC4280DBA7E009E9FBB /* SharedViews */ = {
			isa = PBXGroup;
			children = (
				5FD33DC5280DBA8C009E9FBB /* SearchBar.swift */,
			);
			path = SharedViews;
			sourceTree = "<group>";
		};
		5FD33DC7280DBE6D009E9FBB /* Profile */ = {
			isa = PBXGroup;
			children = (
				5FD33DC8280DBE8E009E9FBB /* ProfileStore.swift */,
				5FB6DA992817222F0037C38B /* ProfileAnimationState.swift */,
				5FB6DA9F281723000037C38B /* ProfilePhotoState.swift */,
				5FD33DCA280DBE98009E9FBB /* ProfileView.swift */,
				5FB6DA962817220E0037C38B /* SubViews */,
			);
			path = Profile;
			sourceTree = "<group>";
		};
		5FE318092809ED72007F7816 /* Modifiers */ = {
			isa = PBXGroup;
			children = (
				5FE3180A2809ED7C007F7816 /* Buttons */,
			);
			path = Modifiers;
			sourceTree = "<group>";
		};
		5FE3180A2809ED7C007F7816 /* Buttons */ = {
			isa = PBXGroup;
			children = (
				5FE3180B2809ED8A007F7816 /* BigButtonStyle.swift */,
			);
			path = Buttons;
			sourceTree = "<group>";
		};
		5FE31828280A218F007F7816 /* Firestore */ = {
			isa = PBXGroup;
			children = (
				5D4CF9FA280B491000A1B705 /* FirestoreChatsClient.swift */,
				5FE31829280A2197007F7816 /* FirestoreUsersClient.swift */,
			);
			path = Firestore;
			sourceTree = "<group>";
		};
		5FE3183E280ADADC007F7816 /* EnterUserData */ = {
			isa = PBXGroup;
			children = (
				5FE3183F280ADAF4007F7816 /* EnterUserDataStore.swift */,
				5FE31841280ADB02007F7816 /* EnterUserDataView.swift */,
			);
			path = EnterUserData;
			sourceTree = "<group>";
		};
		D3080E831299946BDE92AEDD /* Frameworks */ = {
			isa = PBXGroup;
			children = (
				04636015FACA7B079E7B9551 /* Pods_Owl.framework */,
			);
			name = Frameworks;
			sourceTree = "<group>";
		};
/* End PBXGroup section */

/* Begin PBXNativeTarget section */
		5DA8A75627FF260700C2ECBA /* Owl */ = {
			isa = PBXNativeTarget;
			buildConfigurationList = 5DA8A76527FF260900C2ECBA /* Build configuration list for PBXNativeTarget "Owl" */;
			buildPhases = (
				1A24762DE6BC95EED44DEDFF /* [CP] Check Pods Manifest.lock */,
				5DA8A77927FF2FC900C2ECBA /* SwiftGen */,
				5DA8A75327FF260700C2ECBA /* Sources */,
				5DA8A75427FF260700C2ECBA /* Frameworks */,
				5DA8A75527FF260700C2ECBA /* Resources */,
				5DA8A78027FF34F800C2ECBA /* SwiftLint */,
			);
			buildRules = (
			);
			dependencies = (
			);
			name = Owl;
			packageProductDependencies = (
				5DA8A77427FF2B1100C2ECBA /* ComposableArchitecture */,
				5FA7D861280435F500AA48B5 /* TCACoordinators */,
				5FE3182C280AD05C007F7816 /* FirebaseAnalyticsSwift-Beta */,
				5FE3182E280AD05C007F7816 /* FirebaseAuthCombine-Community */,
				5FE31830280AD05C007F7816 /* FirebaseFirestoreCombine-Community */,
				5FE31832280AD05C007F7816 /* FirebaseFirestoreSwift-Beta */,
				5FE31834280AD05C007F7816 /* FirebaseFunctionsCombine-Community */,
				5FE31836280AD05C007F7816 /* FirebaseFunctionsSwift-Beta */,
				5FE31838280AD05C007F7816 /* FirebaseMessaging */,
				5FE3183A280AD05C007F7816 /* FirebaseStorageCombine-Community */,
				5FE3183C280AD05C007F7816 /* FirebaseStorageSwift-Beta */,
				5FD33DE7280F5172009E9FBB /* Introspect */,
				5FB6DAA928186FB50037C38B /* SDWebImageSwiftUI */,
			);
			productName = Owl;
			productReference = 5DA8A75727FF260700C2ECBA /* Owl.app */;
			productType = "com.apple.product-type.application";
		};
/* End PBXNativeTarget section */

/* Begin PBXProject section */
		5DA8A74F27FF260700C2ECBA /* Project object */ = {
			isa = PBXProject;
			attributes = {
				BuildIndependentTargetsInParallel = 1;
				LastSwiftUpdateCheck = 1330;
				LastUpgradeCheck = 1330;
				TargetAttributes = {
					5DA8A75627FF260700C2ECBA = {
						CreatedOnToolsVersion = 13.3;
					};
				};
			};
			buildConfigurationList = 5DA8A75227FF260700C2ECBA /* Build configuration list for PBXProject "Owl" */;
			compatibilityVersion = "Xcode 13.0";
			developmentRegion = en;
			hasScannedForEncodings = 0;
			knownRegions = (
				en,
				Base,
			);
			mainGroup = 5DA8A74E27FF260700C2ECBA;
			packageReferences = (
				5DA8A77327FF2B1100C2ECBA /* XCRemoteSwiftPackageReference "swift-composable-architecture" */,
				5FA7D860280435F500AA48B5 /* XCRemoteSwiftPackageReference "TCACoordinators" */,
				5FE3182B280AD05C007F7816 /* XCRemoteSwiftPackageReference "firebase-ios-sdk" */,
				5FD33DE6280F5171009E9FBB /* XCRemoteSwiftPackageReference "SwiftUI-Introspect" */,
				5FB6DAA828186FB50037C38B /* XCRemoteSwiftPackageReference "SDWebImageSwiftUI" */,
			);
			productRefGroup = 5DA8A75827FF260700C2ECBA /* Products */;
			projectDirPath = "";
			projectRoot = "";
			targets = (
				5DA8A75627FF260700C2ECBA /* Owl */,
			);
		};
/* End PBXProject section */

/* Begin PBXResourcesBuildPhase section */
		5DA8A75527FF260700C2ECBA /* Resources */ = {
			isa = PBXResourcesBuildPhase;
			buildActionMask = 2147483647;
			files = (
				5DA8A77B27FF312C00C2ECBA /* Colors.xcassets in Resources */,
				5D35EC7A27FF7A0B00624717 /* GoogleService-Info.plist in Resources */,
				5DA8A76227FF260900C2ECBA /* Preview Assets.xcassets in Resources */,
				5DA8A75F27FF260900C2ECBA /* Images.xcassets in Resources */,
			);
			runOnlyForDeploymentPostprocessing = 0;
		};
/* End PBXResourcesBuildPhase section */

/* Begin PBXShellScriptBuildPhase section */
		1A24762DE6BC95EED44DEDFF /* [CP] Check Pods Manifest.lock */ = {
			isa = PBXShellScriptBuildPhase;
			buildActionMask = 2147483647;
			files = (
			);
			inputFileListPaths = (
			);
			inputPaths = (
				"${PODS_PODFILE_DIR_PATH}/Podfile.lock",
				"${PODS_ROOT}/Manifest.lock",
			);
			name = "[CP] Check Pods Manifest.lock";
			outputFileListPaths = (
			);
			outputPaths = (
				"$(DERIVED_FILE_DIR)/Pods-Owl-checkManifestLockResult.txt",
			);
			runOnlyForDeploymentPostprocessing = 0;
			shellPath = /bin/sh;
			shellScript = "diff \"${PODS_PODFILE_DIR_PATH}/Podfile.lock\" \"${PODS_ROOT}/Manifest.lock\" > /dev/null\nif [ $? != 0 ] ; then\n    # print error to STDERR\n    echo \"error: The sandbox is not in sync with the Podfile.lock. Run 'pod install' or update your CocoaPods installation.\" >&2\n    exit 1\nfi\n# This output is used by Xcode 'outputs' to avoid re-running this script phase.\necho \"SUCCESS\" > \"${SCRIPT_OUTPUT_FILE_0}\"\n";
			showEnvVarsInLog = 0;
		};
		5DA8A77927FF2FC900C2ECBA /* SwiftGen */ = {
			isa = PBXShellScriptBuildPhase;
			buildActionMask = 2147483647;
			files = (
			);
			inputFileListPaths = (
			);
			inputPaths = (
			);
			name = SwiftGen;
			outputFileListPaths = (
			);
			outputPaths = (
			);
			runOnlyForDeploymentPostprocessing = 0;
			shellPath = /bin/sh;
			shellScript = "if [[ -f \"${PODS_ROOT}/SwiftGen/bin/swiftgen\" ]]; then\n  \"${PODS_ROOT}/SwiftGen/bin/swiftgen\"\nelse\n  echo \"warning: SwiftGen is not installed. Run 'pod install --repo-update' to install it.\"\nfi\n";
		};
		5DA8A78027FF34F800C2ECBA /* SwiftLint */ = {
			isa = PBXShellScriptBuildPhase;
			buildActionMask = 2147483647;
			files = (
			);
			inputFileListPaths = (
			);
			inputPaths = (
			);
			name = SwiftLint;
			outputFileListPaths = (
			);
			outputPaths = (
			);
			runOnlyForDeploymentPostprocessing = 0;
			shellPath = /bin/sh;
			shellScript = "${PODS_ROOT}/SwiftLint/swiftlint\n";
		};
/* End PBXShellScriptBuildPhase section */

/* Begin PBXSourcesBuildPhase section */
		5DA8A75327FF260700C2ECBA /* Sources */ = {
			isa = PBXSourcesBuildPhase;
			buildActionMask = 2147483647;
			files = (
				5DCD57B4280C9D9800186FE2 /* ChatMessageView.swift in Sources */,
				5D35EC89280323C100624717 /* Collection+Ext.swift in Sources */,
				5FE318072809E4B5007F7816 /* ValidationClient.swift in Sources */,
				5FBCF9DF281A94B900734BA0 /* DidReceiveRemoteNotificationModel.swift in Sources */,
				5F71A66B280C61330024F44A /* NewPrivateChatCellStore.swift in Sources */,
				5FBCF9DB28193F0C00734BA0 /* EditProfileView.swift in Sources */,
				5F9DFC91280B1C4C00E73206 /* DocumentReference+Ext.swift in Sources */,
				5FE31827280A2151007F7816 /* User.swift in Sources */,
				5FE3180C2809ED8A007F7816 /* BigButtonStyle.swift in Sources */,
				5D4CF9EF2809EF1D00A1B705 /* MainScreenProvider.swift in Sources */,
				5D35EC872803204E00624717 /* View+Ext.swift in Sources */,
				5F9F4E4427FF502F00915572 /* AppDelegate.swift in Sources */,
				5D4CF9F5280A1C1600A1B705 /* ChatView.swift in Sources */,
				5FB6DAA228182FB70037C38B /* ImagePicker.swift in Sources */,
				5FA7D86B28057B2600AA48B5 /* IdentifiedRouterState+Ext.swift in Sources */,
				5DEA0FF12810B8F9000F1C20 /* NewMessage.swift in Sources */,
				5F727FB3280762D800FABF26 /* LoginView.swift in Sources */,
				5FB6DA9E281722B20037C38B /* HeaderDescriptionView.swift in Sources */,
				5FB6DAA528183AB30037C38B /* StorageClient.swift in Sources */,
				5F9DFC94280B1C7800E73206 /* Publisher+Ext.swift in Sources */,
				5D35EC8128001E1100624717 /* PushNotificationClient.swift in Sources */,
				5FB6DAAF2818A8300037C38B /* UINavigationController+BackGesture.swift in Sources */,
				5F9F4E4727FF52C100915572 /* MainView.swift in Sources */,
				5D4CF9F7280A1C2400A1B705 /* ChatStore.swift in Sources */,
				5FBCF9DD2819D76E00734BA0 /* UserQuery.swift in Sources */,
				5FD33DCB280DBE98009E9FBB /* ProfileView.swift in Sources */,
				5D4CF9F1280A0BED00A1B705 /* ChatListCellView.swift in Sources */,
				5FB6DA932817211E0037C38B /* SafeAreaInsets+Environment.swift in Sources */,
				5F9F4E3A27FF464200915572 /* SwiftGen+Ext.swift in Sources */,
				5DCD57AF280C6BA500186FE2 /* ChatNavigationView.swift in Sources */,
				5FA7D864280435FF00AA48B5 /* LoginStore.swift in Sources */,
				5D4CF9EB2809ED7900A1B705 /* ChatListStore.swift in Sources */,
				5F71A665280C602A0024F44A /* NewPrivateChatView.swift in Sources */,
				5FB6DAA0281723000037C38B /* ProfilePhotoState.swift in Sources */,
				5D37F219281B16E5000027BE /* KeyboardExtensions.swift in Sources */,
				5DA8A75D27FF260700C2ECBA /* EnterPhoneView.swift in Sources */,
				5FB6DA9A2817222F0037C38B /* ProfileAnimationState.swift in Sources */,
				5D4CF9FB280B491100A1B705 /* FirestoreChatsClient.swift in Sources */,
				5DCD57AA280C63DE00186FE2 /* MockedDataClient.swift in Sources */,
				5D4CF9F9280ADB1800A1B705 /* ViewModifiers.swift in Sources */,
				5D37F21F28207506000027BE /* MessageResponse.swift in Sources */,
				5FB6DAB22818AAD90037C38B /* Photo.swift in Sources */,
				5FA7D86D28057B8600AA48B5 /* LoginScreenProvider.swift in Sources */,
				5FD33DC3280CC315009E9FBB /* UserClient.swift in Sources */,
				5DA8A75B27FF260700C2ECBA /* OwlApp.swift in Sources */,
				5DCD57A0280C423300186FE2 /* ChatsListPrivateItem.swift in Sources */,
				5DCD57B2280C9D8D00186FE2 /* ChatMessageStore.swift in Sources */,
				5F727FAF2807627100FABF26 /* EnterCodeStore.swift in Sources */,
				5FE31840280ADAF4007F7816 /* EnterUserDataStore.swift in Sources */,
				5DCD57A5280C42A200186FE2 /* MessageRequest.swift in Sources */,
				5FD33DC9280DBE8E009E9FBB /* ProfileStore.swift in Sources */,
				5F71A663280C60210024F44A /* NewPrivateChatStore.swift in Sources */,
				5F727FB72807638300FABF26 /* AppDelegateStore.swift in Sources */,
				5FE31842280ADB02007F7816 /* EnterUserDataView.swift in Sources */,
				5FB6DAAC281890E50037C38B /* PhotoWebImage.swift in Sources */,
				5D35EC8B2803544A00624717 /* UserDefaultsClient.swift in Sources */,
				5DCD57A2280C424D00186FE2 /* ChatsListGroupItem.swift in Sources */,
				5FB6DA9C2817227B0037C38B /* HeaderBlurView.swift in Sources */,
				5DCD57AD280C6B9600186FE2 /* ChatNavigationStore.swift in Sources */,
				5F9DFC8B280B165500E73206 /* SignInUserType.swift in Sources */,
				5D4CF9ED2809ED9200A1B705 /* ChatListView.swift in Sources */,
				5F727FB12807627F00FABF26 /* EnterPhoneStore.swift in Sources */,
				5F9DFC89280B156600E73206 /* UserUpdate.swift in Sources */,
				5FD33DC1280CBED5009E9FBB /* ChatWithUserResponse.swift in Sources */,
				5F727FB52807632300FABF26 /* AppStore.swift in Sources */,
				5D35EC832800246900624717 /* AuthClient.swift in Sources */,
				5FB6DA95281721690037C38B /* ScrollViewDelegate.swift in Sources */,
				5F9F4E3D27FF4CBA00915572 /* AppView.swift in Sources */,
				5F727FC1280765B000FABF26 /* SignIn.swift in Sources */,
				5F727FBD2807647300FABF26 /* MainStore.swift in Sources */,
				5DA8A77F27FF33E100C2ECBA /* Assets.swift in Sources */,
				5FE3182A280A2197007F7816 /* FirestoreUsersClient.swift in Sources */,
				5FBCF9D928193F0600734BA0 /* EditProfileStore.swift in Sources */,
				5F727FAB2807623200FABF26 /* OnboardingStore.swift in Sources */,
				5D35EC7D27FF7AF400624717 /* FirebaseClient.swift in Sources */,
				5DCD57BA280E185200186FE2 /* AdaptiveStack.swift in Sources */,
				5F9F4E492800434B00915572 /* OnboardingView.swift in Sources */,
				5D35EC852800473500624717 /* EnterCodeView.swift in Sources */,
				5DCD57A8280C436F00186FE2 /* ChatListCellStore.swift in Sources */,
				5FD33DC6280DBA8C009E9FBB /* SearchBar.swift in Sources */,
				5D35EC8E28076EDF00624717 /* Loader.swift in Sources */,
				5F71A669280C612A0024F44A /* NewPrivateChatCellView.swift in Sources */,
				5FA7D86928057ADB00AA48B5 /* Routable.swift in Sources */,
				5FB6DA982817221A0037C38B /* UserImageView.swift in Sources */,
			);
			runOnlyForDeploymentPostprocessing = 0;
		};
/* End PBXSourcesBuildPhase section */

/* Begin XCBuildConfiguration section */
		5DA8A76327FF260900C2ECBA /* Debug */ = {
			isa = XCBuildConfiguration;
			buildSettings = {
				ALWAYS_SEARCH_USER_PATHS = NO;
				CLANG_ANALYZER_NONNULL = YES;
				CLANG_ANALYZER_NUMBER_OBJECT_CONVERSION = YES_AGGRESSIVE;
				CLANG_CXX_LANGUAGE_STANDARD = "gnu++17";
				CLANG_ENABLE_MODULES = YES;
				CLANG_ENABLE_OBJC_ARC = YES;
				CLANG_ENABLE_OBJC_WEAK = YES;
				CLANG_WARN_BLOCK_CAPTURE_AUTORELEASING = YES;
				CLANG_WARN_BOOL_CONVERSION = YES;
				CLANG_WARN_COMMA = YES;
				CLANG_WARN_CONSTANT_CONVERSION = YES;
				CLANG_WARN_DEPRECATED_OBJC_IMPLEMENTATIONS = YES;
				CLANG_WARN_DIRECT_OBJC_ISA_USAGE = YES_ERROR;
				CLANG_WARN_DOCUMENTATION_COMMENTS = YES;
				CLANG_WARN_EMPTY_BODY = YES;
				CLANG_WARN_ENUM_CONVERSION = YES;
				CLANG_WARN_INFINITE_RECURSION = YES;
				CLANG_WARN_INT_CONVERSION = YES;
				CLANG_WARN_NON_LITERAL_NULL_CONVERSION = YES;
				CLANG_WARN_OBJC_IMPLICIT_RETAIN_SELF = YES;
				CLANG_WARN_OBJC_LITERAL_CONVERSION = YES;
				CLANG_WARN_OBJC_ROOT_CLASS = YES_ERROR;
				CLANG_WARN_QUOTED_INCLUDE_IN_FRAMEWORK_HEADER = YES;
				CLANG_WARN_RANGE_LOOP_ANALYSIS = YES;
				CLANG_WARN_STRICT_PROTOTYPES = YES;
				CLANG_WARN_SUSPICIOUS_MOVE = YES;
				CLANG_WARN_UNGUARDED_AVAILABILITY = YES_AGGRESSIVE;
				CLANG_WARN_UNREACHABLE_CODE = YES;
				CLANG_WARN__DUPLICATE_METHOD_MATCH = YES;
				COPY_PHASE_STRIP = NO;
				DEBUG_INFORMATION_FORMAT = dwarf;
				ENABLE_STRICT_OBJC_MSGSEND = YES;
				ENABLE_TESTABILITY = YES;
				GCC_C_LANGUAGE_STANDARD = gnu11;
				GCC_DYNAMIC_NO_PIC = NO;
				GCC_NO_COMMON_BLOCKS = YES;
				GCC_OPTIMIZATION_LEVEL = 0;
				GCC_PREPROCESSOR_DEFINITIONS = (
					"DEBUG=1",
					"$(inherited)",
				);
				GCC_WARN_64_TO_32_BIT_CONVERSION = YES;
				GCC_WARN_ABOUT_RETURN_TYPE = YES_ERROR;
				GCC_WARN_UNDECLARED_SELECTOR = YES;
				GCC_WARN_UNINITIALIZED_AUTOS = YES_AGGRESSIVE;
				GCC_WARN_UNUSED_FUNCTION = YES;
				GCC_WARN_UNUSED_VARIABLE = YES;
				IPHONEOS_DEPLOYMENT_TARGET = 15.4;
				MTL_ENABLE_DEBUG_INFO = INCLUDE_SOURCE;
				MTL_FAST_MATH = YES;
				ONLY_ACTIVE_ARCH = YES;
				SDKROOT = iphoneos;
				SWIFT_ACTIVE_COMPILATION_CONDITIONS = DEBUG;
				SWIFT_OPTIMIZATION_LEVEL = "-Onone";
			};
			name = Debug;
		};
		5DA8A76427FF260900C2ECBA /* Release */ = {
			isa = XCBuildConfiguration;
			buildSettings = {
				ALWAYS_SEARCH_USER_PATHS = NO;
				CLANG_ANALYZER_NONNULL = YES;
				CLANG_ANALYZER_NUMBER_OBJECT_CONVERSION = YES_AGGRESSIVE;
				CLANG_CXX_LANGUAGE_STANDARD = "gnu++17";
				CLANG_ENABLE_MODULES = YES;
				CLANG_ENABLE_OBJC_ARC = YES;
				CLANG_ENABLE_OBJC_WEAK = YES;
				CLANG_WARN_BLOCK_CAPTURE_AUTORELEASING = YES;
				CLANG_WARN_BOOL_CONVERSION = YES;
				CLANG_WARN_COMMA = YES;
				CLANG_WARN_CONSTANT_CONVERSION = YES;
				CLANG_WARN_DEPRECATED_OBJC_IMPLEMENTATIONS = YES;
				CLANG_WARN_DIRECT_OBJC_ISA_USAGE = YES_ERROR;
				CLANG_WARN_DOCUMENTATION_COMMENTS = YES;
				CLANG_WARN_EMPTY_BODY = YES;
				CLANG_WARN_ENUM_CONVERSION = YES;
				CLANG_WARN_INFINITE_RECURSION = YES;
				CLANG_WARN_INT_CONVERSION = YES;
				CLANG_WARN_NON_LITERAL_NULL_CONVERSION = YES;
				CLANG_WARN_OBJC_IMPLICIT_RETAIN_SELF = YES;
				CLANG_WARN_OBJC_LITERAL_CONVERSION = YES;
				CLANG_WARN_OBJC_ROOT_CLASS = YES_ERROR;
				CLANG_WARN_QUOTED_INCLUDE_IN_FRAMEWORK_HEADER = YES;
				CLANG_WARN_RANGE_LOOP_ANALYSIS = YES;
				CLANG_WARN_STRICT_PROTOTYPES = YES;
				CLANG_WARN_SUSPICIOUS_MOVE = YES;
				CLANG_WARN_UNGUARDED_AVAILABILITY = YES_AGGRESSIVE;
				CLANG_WARN_UNREACHABLE_CODE = YES;
				CLANG_WARN__DUPLICATE_METHOD_MATCH = YES;
				COPY_PHASE_STRIP = NO;
				DEBUG_INFORMATION_FORMAT = "dwarf-with-dsym";
				ENABLE_NS_ASSERTIONS = NO;
				ENABLE_STRICT_OBJC_MSGSEND = YES;
				GCC_C_LANGUAGE_STANDARD = gnu11;
				GCC_NO_COMMON_BLOCKS = YES;
				GCC_WARN_64_TO_32_BIT_CONVERSION = YES;
				GCC_WARN_ABOUT_RETURN_TYPE = YES_ERROR;
				GCC_WARN_UNDECLARED_SELECTOR = YES;
				GCC_WARN_UNINITIALIZED_AUTOS = YES_AGGRESSIVE;
				GCC_WARN_UNUSED_FUNCTION = YES;
				GCC_WARN_UNUSED_VARIABLE = YES;
				IPHONEOS_DEPLOYMENT_TARGET = 15.4;
				MTL_ENABLE_DEBUG_INFO = NO;
				MTL_FAST_MATH = YES;
				SDKROOT = iphoneos;
				SWIFT_COMPILATION_MODE = wholemodule;
				SWIFT_OPTIMIZATION_LEVEL = "-O";
				VALIDATE_PRODUCT = YES;
			};
			name = Release;
		};
		5DA8A76627FF260900C2ECBA /* Debug */ = {
			isa = XCBuildConfiguration;
			baseConfigurationReference = 3C212D9F728C9920679542A2 /* Pods-Owl.debug.xcconfig */;
			buildSettings = {
				ASSETCATALOG_COMPILER_APPICON_NAME = AppIcon;
				ASSETCATALOG_COMPILER_GLOBAL_ACCENT_COLOR_NAME = AccentColor;
				CODE_SIGN_ENTITLEMENTS = Owl/Owl.entitlements;
				CODE_SIGN_STYLE = Automatic;
				CURRENT_PROJECT_VERSION = 1;
				DEVELOPMENT_ASSET_PATHS = "\"Owl/Preview Content\"";
				DEVELOPMENT_TEAM = M92VXVU7J9;
				ENABLE_PREVIEWS = YES;
				GENERATE_INFOPLIST_FILE = YES;
				INFOPLIST_FILE = Owl/Info.plist;
				INFOPLIST_KEY_UIApplicationSceneManifest_Generation = YES;
				INFOPLIST_KEY_UIApplicationSupportsIndirectInputEvents = YES;
				INFOPLIST_KEY_UILaunchScreen_Generation = YES;
				INFOPLIST_KEY_UISupportedInterfaceOrientations_iPad = "UIInterfaceOrientationPortrait UIInterfaceOrientationPortraitUpsideDown UIInterfaceOrientationLandscapeLeft UIInterfaceOrientationLandscapeRight";
				INFOPLIST_KEY_UISupportedInterfaceOrientations_iPhone = "UIInterfaceOrientationPortrait UIInterfaceOrientationLandscapeLeft UIInterfaceOrientationLandscapeRight";
				IPHONEOS_DEPLOYMENT_TARGET = 15.0;
				LD_RUNPATH_SEARCH_PATHS = (
					"$(inherited)",
					"@executable_path/Frameworks",
				);
				MARKETING_VERSION = 1.0;
				PRODUCT_BUNDLE_IDENTIFIER = com.owl.tech.Owl;
				PRODUCT_NAME = "$(TARGET_NAME)";
				SWIFT_EMIT_LOC_STRINGS = YES;
				SWIFT_VERSION = 5.0;
				TARGETED_DEVICE_FAMILY = 1;
			};
			name = Debug;
		};
		5DA8A76727FF260900C2ECBA /* Release */ = {
			isa = XCBuildConfiguration;
			baseConfigurationReference = E62C4967CBAE4AC302B3709D /* Pods-Owl.release.xcconfig */;
			buildSettings = {
				ASSETCATALOG_COMPILER_APPICON_NAME = AppIcon;
				ASSETCATALOG_COMPILER_GLOBAL_ACCENT_COLOR_NAME = AccentColor;
				CODE_SIGN_ENTITLEMENTS = Owl/Owl.entitlements;
				CODE_SIGN_STYLE = Automatic;
				CURRENT_PROJECT_VERSION = 1;
				DEVELOPMENT_ASSET_PATHS = "\"Owl/Preview Content\"";
				DEVELOPMENT_TEAM = M92VXVU7J9;
				ENABLE_PREVIEWS = YES;
				GENERATE_INFOPLIST_FILE = YES;
				INFOPLIST_FILE = Owl/Info.plist;
				INFOPLIST_KEY_UIApplicationSceneManifest_Generation = YES;
				INFOPLIST_KEY_UIApplicationSupportsIndirectInputEvents = YES;
				INFOPLIST_KEY_UILaunchScreen_Generation = YES;
				INFOPLIST_KEY_UISupportedInterfaceOrientations_iPad = "UIInterfaceOrientationPortrait UIInterfaceOrientationPortraitUpsideDown UIInterfaceOrientationLandscapeLeft UIInterfaceOrientationLandscapeRight";
				INFOPLIST_KEY_UISupportedInterfaceOrientations_iPhone = "UIInterfaceOrientationPortrait UIInterfaceOrientationLandscapeLeft UIInterfaceOrientationLandscapeRight";
				IPHONEOS_DEPLOYMENT_TARGET = 15.0;
				LD_RUNPATH_SEARCH_PATHS = (
					"$(inherited)",
					"@executable_path/Frameworks",
				);
				MARKETING_VERSION = 1.0;
				PRODUCT_BUNDLE_IDENTIFIER = com.owl.tech.Owl;
				PRODUCT_NAME = "$(TARGET_NAME)";
				SWIFT_EMIT_LOC_STRINGS = YES;
				SWIFT_VERSION = 5.0;
				TARGETED_DEVICE_FAMILY = 1;
			};
			name = Release;
		};
/* End XCBuildConfiguration section */

/* Begin XCConfigurationList section */
		5DA8A75227FF260700C2ECBA /* Build configuration list for PBXProject "Owl" */ = {
			isa = XCConfigurationList;
			buildConfigurations = (
				5DA8A76327FF260900C2ECBA /* Debug */,
				5DA8A76427FF260900C2ECBA /* Release */,
			);
			defaultConfigurationIsVisible = 0;
			defaultConfigurationName = Release;
		};
		5DA8A76527FF260900C2ECBA /* Build configuration list for PBXNativeTarget "Owl" */ = {
			isa = XCConfigurationList;
			buildConfigurations = (
				5DA8A76627FF260900C2ECBA /* Debug */,
				5DA8A76727FF260900C2ECBA /* Release */,
			);
			defaultConfigurationIsVisible = 0;
			defaultConfigurationName = Release;
		};
/* End XCConfigurationList section */

/* Begin XCRemoteSwiftPackageReference section */
		5DA8A77327FF2B1100C2ECBA /* XCRemoteSwiftPackageReference "swift-composable-architecture" */ = {
			isa = XCRemoteSwiftPackageReference;
			repositoryURL = "https://github.com/pointfreeco/swift-composable-architecture";
			requirement = {
				kind = upToNextMajorVersion;
				minimumVersion = 0.34.0;
			};
		};
		5FA7D860280435F500AA48B5 /* XCRemoteSwiftPackageReference "TCACoordinators" */ = {
			isa = XCRemoteSwiftPackageReference;
			repositoryURL = "https://github.com/johnpatrickmorgan/TCACoordinators";
			requirement = {
				kind = upToNextMajorVersion;
				minimumVersion = 0.1.0;
			};
		};
		5FB6DAA828186FB50037C38B /* XCRemoteSwiftPackageReference "SDWebImageSwiftUI" */ = {
			isa = XCRemoteSwiftPackageReference;
			repositoryURL = "https://github.com/SDWebImage/SDWebImageSwiftUI.git";
			requirement = {
				kind = upToNextMajorVersion;
				minimumVersion = 2.0.0;
			};
		};
		5FD33DE6280F5171009E9FBB /* XCRemoteSwiftPackageReference "SwiftUI-Introspect" */ = {
			isa = XCRemoteSwiftPackageReference;
			repositoryURL = "https://github.com/siteline/SwiftUI-Introspect.git";
			requirement = {
				kind = upToNextMajorVersion;
				minimumVersion = 0.1.4;
			};
		};
		5FE3182B280AD05C007F7816 /* XCRemoteSwiftPackageReference "firebase-ios-sdk" */ = {
			isa = XCRemoteSwiftPackageReference;
			repositoryURL = "https://github.com/firebase/firebase-ios-sdk";
			requirement = {
				kind = upToNextMajorVersion;
				minimumVersion = 8.0.0;
			};
		};
/* End XCRemoteSwiftPackageReference section */

/* Begin XCSwiftPackageProductDependency section */
		5DA8A77427FF2B1100C2ECBA /* ComposableArchitecture */ = {
			isa = XCSwiftPackageProductDependency;
			package = 5DA8A77327FF2B1100C2ECBA /* XCRemoteSwiftPackageReference "swift-composable-architecture" */;
			productName = ComposableArchitecture;
		};
		5FA7D861280435F500AA48B5 /* TCACoordinators */ = {
			isa = XCSwiftPackageProductDependency;
			package = 5FA7D860280435F500AA48B5 /* XCRemoteSwiftPackageReference "TCACoordinators" */;
			productName = TCACoordinators;
		};
		5FB6DAA928186FB50037C38B /* SDWebImageSwiftUI */ = {
			isa = XCSwiftPackageProductDependency;
			package = 5FB6DAA828186FB50037C38B /* XCRemoteSwiftPackageReference "SDWebImageSwiftUI" */;
			productName = SDWebImageSwiftUI;
		};
		5FD33DE7280F5172009E9FBB /* Introspect */ = {
			isa = XCSwiftPackageProductDependency;
			package = 5FD33DE6280F5171009E9FBB /* XCRemoteSwiftPackageReference "SwiftUI-Introspect" */;
			productName = Introspect;
		};
		5FE3182C280AD05C007F7816 /* FirebaseAnalyticsSwift-Beta */ = {
			isa = XCSwiftPackageProductDependency;
			package = 5FE3182B280AD05C007F7816 /* XCRemoteSwiftPackageReference "firebase-ios-sdk" */;
			productName = "FirebaseAnalyticsSwift-Beta";
		};
		5FE3182E280AD05C007F7816 /* FirebaseAuthCombine-Community */ = {
			isa = XCSwiftPackageProductDependency;
			package = 5FE3182B280AD05C007F7816 /* XCRemoteSwiftPackageReference "firebase-ios-sdk" */;
			productName = "FirebaseAuthCombine-Community";
		};
		5FE31830280AD05C007F7816 /* FirebaseFirestoreCombine-Community */ = {
			isa = XCSwiftPackageProductDependency;
			package = 5FE3182B280AD05C007F7816 /* XCRemoteSwiftPackageReference "firebase-ios-sdk" */;
			productName = "FirebaseFirestoreCombine-Community";
		};
		5FE31832280AD05C007F7816 /* FirebaseFirestoreSwift-Beta */ = {
			isa = XCSwiftPackageProductDependency;
			package = 5FE3182B280AD05C007F7816 /* XCRemoteSwiftPackageReference "firebase-ios-sdk" */;
			productName = "FirebaseFirestoreSwift-Beta";
		};
		5FE31834280AD05C007F7816 /* FirebaseFunctionsCombine-Community */ = {
			isa = XCSwiftPackageProductDependency;
			package = 5FE3182B280AD05C007F7816 /* XCRemoteSwiftPackageReference "firebase-ios-sdk" */;
			productName = "FirebaseFunctionsCombine-Community";
		};
		5FE31836280AD05C007F7816 /* FirebaseFunctionsSwift-Beta */ = {
			isa = XCSwiftPackageProductDependency;
			package = 5FE3182B280AD05C007F7816 /* XCRemoteSwiftPackageReference "firebase-ios-sdk" */;
			productName = "FirebaseFunctionsSwift-Beta";
		};
		5FE31838280AD05C007F7816 /* FirebaseMessaging */ = {
			isa = XCSwiftPackageProductDependency;
			package = 5FE3182B280AD05C007F7816 /* XCRemoteSwiftPackageReference "firebase-ios-sdk" */;
			productName = FirebaseMessaging;
		};
		5FE3183A280AD05C007F7816 /* FirebaseStorageCombine-Community */ = {
			isa = XCSwiftPackageProductDependency;
			package = 5FE3182B280AD05C007F7816 /* XCRemoteSwiftPackageReference "firebase-ios-sdk" */;
			productName = "FirebaseStorageCombine-Community";
		};
		5FE3183C280AD05C007F7816 /* FirebaseStorageSwift-Beta */ = {
			isa = XCSwiftPackageProductDependency;
			package = 5FE3182B280AD05C007F7816 /* XCRemoteSwiftPackageReference "firebase-ios-sdk" */;
			productName = "FirebaseStorageSwift-Beta";
		};
/* End XCSwiftPackageProductDependency section */
	};
	rootObject = 5DA8A74F27FF260700C2ECBA /* Project object */;
}
